// !$*UTF8*$!
{
	archiveVersion = 1;
	classes = {
	};
	objectVersion = 46;
	objects = {

/* Begin PBXBuildFile section */
		E9498E4C18F15952006A1AD1 /* PiPostTweetViewController.m in Sources */ = {isa = PBXBuildFile; fileRef = E9498E4B18F15952006A1AD1 /* PiPostTweetViewController.m */; };
		E951139B18F07F5C00187EC0 /* weiboLogo.png in Resources */ = {isa = PBXBuildFile; fileRef = E951139A18F07F5C00187EC0 /* weiboLogo.png */; };
		E951139D18F07F6200187EC0 /* weiboLogo@2x.png in Resources */ = {isa = PBXBuildFile; fileRef = E951139C18F07F6200187EC0 /* weiboLogo@2x.png */; };
		E98000A118FE1CC100EF9F55 /* PiTimeLineTableViewCell.m in Sources */ = {isa = PBXBuildFile; fileRef = E98000A018FE1CC100EF9F55 /* PiTimeLineTableViewCell.m */; };
		E9F2A49618EBF21C0084FCE6 /* Foundation.framework in Frameworks */ = {isa = PBXBuildFile; fileRef = E9F2A49518EBF21C0084FCE6 /* Foundation.framework */; };
		E9F2A49818EBF21C0084FCE6 /* CoreGraphics.framework in Frameworks */ = {isa = PBXBuildFile; fileRef = E9F2A49718EBF21C0084FCE6 /* CoreGraphics.framework */; };
		E9F2A49A18EBF21C0084FCE6 /* UIKit.framework in Frameworks */ = {isa = PBXBuildFile; fileRef = E9F2A49918EBF21C0084FCE6 /* UIKit.framework */; };
		E9F2A4A018EBF21C0084FCE6 /* InfoPlist.strings in Resources */ = {isa = PBXBuildFile; fileRef = E9F2A49E18EBF21C0084FCE6 /* InfoPlist.strings */; };
		E9F2A4A218EBF21C0084FCE6 /* main.m in Sources */ = {isa = PBXBuildFile; fileRef = E9F2A4A118EBF21C0084FCE6 /* main.m */; };
		E9F2A4A618EBF21C0084FCE6 /* PiAppDelegate.m in Sources */ = {isa = PBXBuildFile; fileRef = E9F2A4A518EBF21C0084FCE6 /* PiAppDelegate.m */; };
		E9F2A4A918EBF21C0084FCE6 /* Main.storyboard in Resources */ = {isa = PBXBuildFile; fileRef = E9F2A4A718EBF21C0084FCE6 /* Main.storyboard */; };
		E9F2A4B118EBF21C0084FCE6 /* Images.xcassets in Resources */ = {isa = PBXBuildFile; fileRef = E9F2A4B018EBF21C0084FCE6 /* Images.xcassets */; };
		E9F2A4CF18EBF8240084FCE6 /* PiSignInViewController.m in Sources */ = {isa = PBXBuildFile; fileRef = E9F2A4CE18EBF8240084FCE6 /* PiSignInViewController.m */; };
		E9F2A4D218EBFB3C0084FCE6 /* PiWeibo.m in Sources */ = {isa = PBXBuildFile; fileRef = E9F2A4D118EBFB3C0084FCE6 /* PiWeibo.m */; };
		E9F2A4D618EBFB7C0084FCE6 /* PiWeiboUser.m in Sources */ = {isa = PBXBuildFile; fileRef = E9F2A4D518EBFB7C0084FCE6 /* PiWeiboUser.m */; };
		E9F2A4DB18EC18630084FCE6 /* PiConnector.m in Sources */ = {isa = PBXBuildFile; fileRef = E9F2A4DA18EC18630084FCE6 /* PiConnector.m */; };
		E9F2A4EE18EC1C9A0084FCE6 /* XCTest.framework in Frameworks */ = {isa = PBXBuildFile; fileRef = E9F2A4B718EBF21C0084FCE6 /* XCTest.framework */; };
		E9F2A4EF18EC1C9A0084FCE6 /* Foundation.framework in Frameworks */ = {isa = PBXBuildFile; fileRef = E9F2A49518EBF21C0084FCE6 /* Foundation.framework */; };
		E9F2A4F018EC1C9A0084FCE6 /* UIKit.framework in Frameworks */ = {isa = PBXBuildFile; fileRef = E9F2A49918EBF21C0084FCE6 /* UIKit.framework */; };
		E9F2A4F618EC1C9A0084FCE6 /* InfoPlist.strings in Resources */ = {isa = PBXBuildFile; fileRef = E9F2A4F418EC1C9A0084FCE6 /* InfoPlist.strings */; };
		E9F2A4F818EC1C9A0084FCE6 /* Pi_LOT_Tests.m in Sources */ = {isa = PBXBuildFile; fileRef = E9F2A4F718EC1C9A0084FCE6 /* Pi_LOT_Tests.m */; };
		E9F2A50518ED89E40084FCE6 /* PiTweet.m in Sources */ = {isa = PBXBuildFile; fileRef = E9F2A50418ED89E40084FCE6 /* PiTweet.m */; };
		E9F2A51018ED92550084FCE6 /* PiTimeLineViewController.m in Sources */ = {isa = PBXBuildFile; fileRef = E9F2A50F18ED92550084FCE6 /* PiTimeLineViewController.m */; };
		E9F4AB9F18F2DEED0021DDD8 /* messageLogo@2x.png in Resources */ = {isa = PBXBuildFile; fileRef = E9F4AB9E18F2DEED0021DDD8 /* messageLogo@2x.png */; };
		E9F4ABA118F2DEF20021DDD8 /* messageLogo.png in Resources */ = {isa = PBXBuildFile; fileRef = E9F4ABA018F2DEF20021DDD8 /* messageLogo.png */; };
		E9F4ABA418F2E06B0021DDD8 /* PiMessagesViewController.m in Sources */ = {isa = PBXBuildFile; fileRef = E9F4ABA318F2E06B0021DDD8 /* PiMessagesViewController.m */; };
		E9F4ABB218F3E52D0021DDD8 /* PiComment.m in Sources */ = {isa = PBXBuildFile; fileRef = E9F4ABB118F3E52D0021DDD8 /* PiComment.m */; };
		E9F4ABB518F425F20021DDD8 /* NSString+Weibo.m in Sources */ = {isa = PBXBuildFile; fileRef = E9F4ABB418F425F20021DDD8 /* NSString+Weibo.m */; };
		E9F4ABB818F42C660021DDD8 /* PiMessage.m in Sources */ = {isa = PBXBuildFile; fileRef = E9F4ABB718F42C660021DDD8 /* PiMessage.m */; };
		E9F4ABBC18F42CB90021DDD8 /* PiCommentTableViewCell.m in Sources */ = {isa = PBXBuildFile; fileRef = E9F4ABBA18F42CB90021DDD8 /* PiCommentTableViewCell.m */; };
/* End PBXBuildFile section */

/* Begin PBXContainerItemProxy section */
		E9F2A4FA18EC1C9A0084FCE6 /* PBXContainerItemProxy */ = {
			isa = PBXContainerItemProxy;
			containerPortal = E9F2A48A18EBF21C0084FCE6 /* Project object */;
			proxyType = 1;
			remoteGlobalIDString = E9F2A49118EBF21C0084FCE6;
			remoteInfo = "Pi-LOT";
		};
/* End PBXContainerItemProxy section */

/* Begin PBXFileReference section */
		E9498E4A18F15952006A1AD1 /* PiPostTweetViewController.h */ = {isa = PBXFileReference; fileEncoding = 4; lastKnownFileType = sourcecode.c.h; path = PiPostTweetViewController.h; sourceTree = "<group>"; };
		E9498E4B18F15952006A1AD1 /* PiPostTweetViewController.m */ = {isa = PBXFileReference; fileEncoding = 4; lastKnownFileType = sourcecode.c.objc; path = PiPostTweetViewController.m; sourceTree = "<group>"; };
		E951139918F065DB00187EC0 /* Pi-LotApp.h */ = {isa = PBXFileReference; lastKnownFileType = sourcecode.c.h; name = "Pi-LotApp.h"; path = "Pi-LOT/Pi-LotApp.h"; sourceTree = "<group>"; };
		E951139A18F07F5C00187EC0 /* weiboLogo.png */ = {isa = PBXFileReference; lastKnownFileType = image.png; path = weiboLogo.png; sourceTree = "<group>"; };
		E951139C18F07F6200187EC0 /* weiboLogo@2x.png */ = {isa = PBXFileReference; lastKnownFileType = image.png; path = "weiboLogo@2x.png"; sourceTree = "<group>"; };
		E98000A018FE1CC100EF9F55 /* PiTimeLineTableViewCell.m */ = {isa = PBXFileReference; fileEncoding = 4; lastKnownFileType = sourcecode.c.objc; path = PiTimeLineTableViewCell.m; sourceTree = "<group>"; };
		E9F2A49218EBF21C0084FCE6 /* Pi-LOT.app */ = {isa = PBXFileReference; explicitFileType = wrapper.application; includeInIndex = 0; path = "Pi-LOT.app"; sourceTree = BUILT_PRODUCTS_DIR; };
		E9F2A49518EBF21C0084FCE6 /* Foundation.framework */ = {isa = PBXFileReference; lastKnownFileType = wrapper.framework; name = Foundation.framework; path = System/Library/Frameworks/Foundation.framework; sourceTree = SDKROOT; };
		E9F2A49718EBF21C0084FCE6 /* CoreGraphics.framework */ = {isa = PBXFileReference; lastKnownFileType = wrapper.framework; name = CoreGraphics.framework; path = System/Library/Frameworks/CoreGraphics.framework; sourceTree = SDKROOT; };
		E9F2A49918EBF21C0084FCE6 /* UIKit.framework */ = {isa = PBXFileReference; lastKnownFileType = wrapper.framework; name = UIKit.framework; path = System/Library/Frameworks/UIKit.framework; sourceTree = SDKROOT; };
		E9F2A49D18EBF21C0084FCE6 /* Pi-LOT-Info.plist */ = {isa = PBXFileReference; lastKnownFileType = text.plist.xml; path = "Pi-LOT-Info.plist"; sourceTree = "<group>"; };
		E9F2A49F18EBF21C0084FCE6 /* en */ = {isa = PBXFileReference; lastKnownFileType = text.plist.strings; name = en; path = en.lproj/InfoPlist.strings; sourceTree = "<group>"; };
		E9F2A4A118EBF21C0084FCE6 /* main.m */ = {isa = PBXFileReference; lastKnownFileType = sourcecode.c.objc; path = main.m; sourceTree = "<group>"; };
		E9F2A4A318EBF21C0084FCE6 /* Pi-LOT-Prefix.pch */ = {isa = PBXFileReference; lastKnownFileType = sourcecode.c.h; path = "Pi-LOT-Prefix.pch"; sourceTree = "<group>"; };
		E9F2A4A418EBF21C0084FCE6 /* PiAppDelegate.h */ = {isa = PBXFileReference; lastKnownFileType = sourcecode.c.h; path = PiAppDelegate.h; sourceTree = "<group>"; };
		E9F2A4A518EBF21C0084FCE6 /* PiAppDelegate.m */ = {isa = PBXFileReference; lastKnownFileType = sourcecode.c.objc; path = PiAppDelegate.m; sourceTree = "<group>"; };
		E9F2A4A818EBF21C0084FCE6 /* Base */ = {isa = PBXFileReference; lastKnownFileType = file.storyboard; name = Base; path = Base.lproj/Main.storyboard; sourceTree = "<group>"; };
		E9F2A4B018EBF21C0084FCE6 /* Images.xcassets */ = {isa = PBXFileReference; lastKnownFileType = folder.assetcatalog; path = Images.xcassets; sourceTree = "<group>"; };
		E9F2A4B718EBF21C0084FCE6 /* XCTest.framework */ = {isa = PBXFileReference; lastKnownFileType = wrapper.framework; name = XCTest.framework; path = Library/Frameworks/XCTest.framework; sourceTree = DEVELOPER_DIR; };
		E9F2A4CD18EBF8240084FCE6 /* PiSignInViewController.h */ = {isa = PBXFileReference; fileEncoding = 4; lastKnownFileType = sourcecode.c.h; path = PiSignInViewController.h; sourceTree = "<group>"; };
		E9F2A4CE18EBF8240084FCE6 /* PiSignInViewController.m */ = {isa = PBXFileReference; fileEncoding = 4; lastKnownFileType = sourcecode.c.objc; path = PiSignInViewController.m; sourceTree = "<group>"; };
		E9F2A4D018EBFB3C0084FCE6 /* PiWeibo.h */ = {isa = PBXFileReference; fileEncoding = 4; lastKnownFileType = sourcecode.c.h; name = PiWeibo.h; path = "Pi-LOT/PiWeibo.h"; sourceTree = "<group>"; };
		E9F2A4D118EBFB3C0084FCE6 /* PiWeibo.m */ = {isa = PBXFileReference; fileEncoding = 4; lastKnownFileType = sourcecode.c.objc; name = PiWeibo.m; path = "Pi-LOT/PiWeibo.m"; sourceTree = "<group>"; };
		E9F2A4D418EBFB7C0084FCE6 /* PiWeiboUser.h */ = {isa = PBXFileReference; fileEncoding = 4; lastKnownFileType = sourcecode.c.h; name = PiWeiboUser.h; path = "Pi-LOT/PiWeiboUser.h"; sourceTree = "<group>"; };
		E9F2A4D518EBFB7C0084FCE6 /* PiWeiboUser.m */ = {isa = PBXFileReference; fileEncoding = 4; lastKnownFileType = sourcecode.c.objc; name = PiWeiboUser.m; path = "Pi-LOT/PiWeiboUser.m"; sourceTree = "<group>"; };
		E9F2A4D918EC18630084FCE6 /* PiConnector.h */ = {isa = PBXFileReference; fileEncoding = 4; lastKnownFileType = sourcecode.c.h; name = PiConnector.h; path = "Pi-LOT/PiConnector.h"; sourceTree = "<group>"; };
		E9F2A4DA18EC18630084FCE6 /* PiConnector.m */ = {isa = PBXFileReference; fileEncoding = 4; lastKnownFileType = sourcecode.c.objc; name = PiConnector.m; path = "Pi-LOT/PiConnector.m"; sourceTree = "<group>"; };
		E9F2A4ED18EC1C9A0084FCE6 /* Pi-LOT Tests.xctest */ = {isa = PBXFileReference; explicitFileType = wrapper.cfbundle; includeInIndex = 0; path = "Pi-LOT Tests.xctest"; sourceTree = BUILT_PRODUCTS_DIR; };
		E9F2A4F318EC1C9A0084FCE6 /* Pi-LOT Tests-Info.plist */ = {isa = PBXFileReference; lastKnownFileType = text.plist.xml; path = "Pi-LOT Tests-Info.plist"; sourceTree = "<group>"; };
		E9F2A4F518EC1C9A0084FCE6 /* en */ = {isa = PBXFileReference; lastKnownFileType = text.plist.strings; name = en; path = en.lproj/InfoPlist.strings; sourceTree = "<group>"; };
		E9F2A4F718EC1C9A0084FCE6 /* Pi_LOT_Tests.m */ = {isa = PBXFileReference; lastKnownFileType = sourcecode.c.objc; path = Pi_LOT_Tests.m; sourceTree = "<group>"; };
		E9F2A4F918EC1C9A0084FCE6 /* Pi-LOT Tests-Prefix.pch */ = {isa = PBXFileReference; lastKnownFileType = sourcecode.c.h; path = "Pi-LOT Tests-Prefix.pch"; sourceTree = "<group>"; };
		E9F2A50318ED89E40084FCE6 /* PiTweet.h */ = {isa = PBXFileReference; fileEncoding = 4; lastKnownFileType = sourcecode.c.h; name = PiTweet.h; path = "Pi-LOT/PiTweet.h"; sourceTree = "<group>"; };
		E9F2A50418ED89E40084FCE6 /* PiTweet.m */ = {isa = PBXFileReference; fileEncoding = 4; lastKnownFileType = sourcecode.c.objc; name = PiTweet.m; path = "Pi-LOT/PiTweet.m"; sourceTree = "<group>"; };
		E9F2A50918ED901F0084FCE6 /* PiTimeLineTableViewCell.h */ = {isa = PBXFileReference; fileEncoding = 4; lastKnownFileType = sourcecode.c.h; path = PiTimeLineTableViewCell.h; sourceTree = "<group>"; };
		E9F2A50E18ED92550084FCE6 /* PiTimeLineViewController.h */ = {isa = PBXFileReference; fileEncoding = 4; lastKnownFileType = sourcecode.c.h; path = PiTimeLineViewController.h; sourceTree = "<group>"; };
		E9F2A50F18ED92550084FCE6 /* PiTimeLineViewController.m */ = {isa = PBXFileReference; fileEncoding = 4; lastKnownFileType = sourcecode.c.objc; path = PiTimeLineViewController.m; sourceTree = "<group>"; };
		E9F2A55618EEA3A00084FCE6 /* WeiboModels.h */ = {isa = PBXFileReference; lastKnownFileType = sourcecode.c.h; name = WeiboModels.h; path = "Pi-LOT/WeiboModels.h"; sourceTree = "<group>"; };
		E9F4AB9E18F2DEED0021DDD8 /* messageLogo@2x.png */ = {isa = PBXFileReference; lastKnownFileType = image.png; path = "messageLogo@2x.png"; sourceTree = "<group>"; };
		E9F4ABA018F2DEF20021DDD8 /* messageLogo.png */ = {isa = PBXFileReference; lastKnownFileType = image.png; path = messageLogo.png; sourceTree = "<group>"; };
		E9F4ABA218F2E06B0021DDD8 /* PiMessagesViewController.h */ = {isa = PBXFileReference; fileEncoding = 4; lastKnownFileType = sourcecode.c.h; path = PiMessagesViewController.h; sourceTree = "<group>"; };
		E9F4ABA318F2E06B0021DDD8 /* PiMessagesViewController.m */ = {isa = PBXFileReference; fileEncoding = 4; lastKnownFileType = sourcecode.c.objc; path = PiMessagesViewController.m; sourceTree = "<group>"; };
		E9F4ABB018F3E52D0021DDD8 /* PiComment.h */ = {isa = PBXFileReference; fileEncoding = 4; lastKnownFileType = sourcecode.c.h; name = PiComment.h; path = "Pi-LOT/PiComment.h"; sourceTree = "<group>"; };
		E9F4ABB118F3E52D0021DDD8 /* PiComment.m */ = {isa = PBXFileReference; fileEncoding = 4; lastKnownFileType = sourcecode.c.objc; name = PiComment.m; path = "Pi-LOT/PiComment.m"; sourceTree = "<group>"; };
		E9F4ABB318F425F20021DDD8 /* NSString+Weibo.h */ = {isa = PBXFileReference; fileEncoding = 4; lastKnownFileType = sourcecode.c.h; path = "NSString+Weibo.h"; sourceTree = "<group>"; };
		E9F4ABB418F425F20021DDD8 /* NSString+Weibo.m */ = {isa = PBXFileReference; fileEncoding = 4; lastKnownFileType = sourcecode.c.objc; path = "NSString+Weibo.m"; sourceTree = "<group>"; };
		E9F4ABB618F42C660021DDD8 /* PiMessage.h */ = {isa = PBXFileReference; fileEncoding = 4; lastKnownFileType = sourcecode.c.h; name = PiMessage.h; path = "Pi-LOT/PiMessage.h"; sourceTree = "<group>"; };
		E9F4ABB718F42C660021DDD8 /* PiMessage.m */ = {isa = PBXFileReference; fileEncoding = 4; lastKnownFileType = sourcecode.c.objc; name = PiMessage.m; path = "Pi-LOT/PiMessage.m"; sourceTree = "<group>"; };
		E9F4ABB918F42CB90021DDD8 /* PiCommentTableViewCell.h */ = {isa = PBXFileReference; fileEncoding = 4; lastKnownFileType = sourcecode.c.h; path = PiCommentTableViewCell.h; sourceTree = "<group>"; };
		E9F4ABBA18F42CB90021DDD8 /* PiCommentTableViewCell.m */ = {isa = PBXFileReference; fileEncoding = 4; lastKnownFileType = sourcecode.c.objc; path = PiCommentTableViewCell.m; sourceTree = "<group>"; };
/* End PBXFileReference section */

/* Begin PBXFrameworksBuildPhase section */
		E9F2A48F18EBF21C0084FCE6 /* Frameworks */ = {
			isa = PBXFrameworksBuildPhase;
			buildActionMask = 2147483647;
			files = (
				E9F2A49818EBF21C0084FCE6 /* CoreGraphics.framework in Frameworks */,
				E9F2A49A18EBF21C0084FCE6 /* UIKit.framework in Frameworks */,
				E9F2A49618EBF21C0084FCE6 /* Foundation.framework in Frameworks */,
			);
			runOnlyForDeploymentPostprocessing = 0;
		};
		E9F2A4EA18EC1C9A0084FCE6 /* Frameworks */ = {
			isa = PBXFrameworksBuildPhase;
			buildActionMask = 2147483647;
			files = (
				E9F2A4EE18EC1C9A0084FCE6 /* XCTest.framework in Frameworks */,
				E9F2A4F018EC1C9A0084FCE6 /* UIKit.framework in Frameworks */,
				E9F2A4EF18EC1C9A0084FCE6 /* Foundation.framework in Frameworks */,
			);
			runOnlyForDeploymentPostprocessing = 0;
		};
/* End PBXFrameworksBuildPhase section */

/* Begin PBXGroup section */
		E9F2A48918EBF21C0084FCE6 = {
			isa = PBXGroup;
			children = (
				E9F2A4D318EBFB550084FCE6 /* Weibo */,
				E9F2A49B18EBF21C0084FCE6 /* Pi-LOT */,
				E9F2A4F118EC1C9A0084FCE6 /* Pi-LOT Tests */,
				E9F2A49418EBF21C0084FCE6 /* Frameworks */,
				E9F2A49318EBF21C0084FCE6 /* Products */,
			);
			sourceTree = "<group>";
		};
		E9F2A49318EBF21C0084FCE6 /* Products */ = {
			isa = PBXGroup;
			children = (
				E9F2A49218EBF21C0084FCE6 /* Pi-LOT.app */,
				E9F2A4ED18EC1C9A0084FCE6 /* Pi-LOT Tests.xctest */,
			);
			name = Products;
			sourceTree = "<group>";
		};
		E9F2A49418EBF21C0084FCE6 /* Frameworks */ = {
			isa = PBXGroup;
			children = (
				E9F2A49518EBF21C0084FCE6 /* Foundation.framework */,
				E9F2A49718EBF21C0084FCE6 /* CoreGraphics.framework */,
				E9F2A49918EBF21C0084FCE6 /* UIKit.framework */,
				E9F2A4B718EBF21C0084FCE6 /* XCTest.framework */,
			);
			name = Frameworks;
			sourceTree = "<group>";
		};
		E9F2A49B18EBF21C0084FCE6 /* Pi-LOT */ = {
			isa = PBXGroup;
			children = (
				E9F4ABB918F42CB90021DDD8 /* PiCommentTableViewCell.h */,
				E9F4ABBA18F42CB90021DDD8 /* PiCommentTableViewCell.m */,
				E9F4ABA218F2E06B0021DDD8 /* PiMessagesViewController.h */,
				E9F4ABA318F2E06B0021DDD8 /* PiMessagesViewController.m */,
				E9F2A50E18ED92550084FCE6 /* PiTimeLineViewController.h */,
				E9F2A50F18ED92550084FCE6 /* PiTimeLineViewController.m */,
				E9F2A50918ED901F0084FCE6 /* PiTimeLineTableViewCell.h */,
				E98000A018FE1CC100EF9F55 /* PiTimeLineTableViewCell.m */,
				E9F2A4A418EBF21C0084FCE6 /* PiAppDelegate.h */,
				E9F2A4A518EBF21C0084FCE6 /* PiAppDelegate.m */,
				E9F2A4A718EBF21C0084FCE6 /* Main.storyboard */,
				E9498E4A18F15952006A1AD1 /* PiPostTweetViewController.h */,
				E9498E4B18F15952006A1AD1 /* PiPostTweetViewController.m */,
				E9F2A4CD18EBF8240084FCE6 /* PiSignInViewController.h */,
				E9F2A4CE18EBF8240084FCE6 /* PiSignInViewController.m */,
				E9F2A4B018EBF21C0084FCE6 /* Images.xcassets */,
				E9F2A49C18EBF21C0084FCE6 /* Supporting Files */,
			);
			path = "Pi-LOT";
			sourceTree = "<group>";
		};
		E9F2A49C18EBF21C0084FCE6 /* Supporting Files */ = {
			isa = PBXGroup;
			children = (
				E9F4AB9E18F2DEED0021DDD8 /* messageLogo@2x.png */,
				E9F4ABA018F2DEF20021DDD8 /* messageLogo.png */,
				E951139C18F07F6200187EC0 /* weiboLogo@2x.png */,
				E951139A18F07F5C00187EC0 /* weiboLogo.png */,
				E9F2A49D18EBF21C0084FCE6 /* Pi-LOT-Info.plist */,
				E9F2A49E18EBF21C0084FCE6 /* InfoPlist.strings */,
				E9F2A4A118EBF21C0084FCE6 /* main.m */,
				E9F2A4A318EBF21C0084FCE6 /* Pi-LOT-Prefix.pch */,
			);
			name = "Supporting Files";
			sourceTree = "<group>";
		};
		E9F2A4D318EBFB550084FCE6 /* Weibo */ = {
			isa = PBXGroup;
			children = (
				E9F4ABB318F425F20021DDD8 /* NSString+Weibo.h */,
				E9F4ABB418F425F20021DDD8 /* NSString+Weibo.m */,
				E9F2A4D018EBFB3C0084FCE6 /* PiWeibo.h */,
				E9F2A4D118EBFB3C0084FCE6 /* PiWeibo.m */,
				E951139918F065DB00187EC0 /* Pi-LotApp.h */,
				E9F2A55518EE96460084FCE6 /* Model */,
				E9F2A4D918EC18630084FCE6 /* PiConnector.h */,
				E9F2A4DA18EC18630084FCE6 /* PiConnector.m */,
			);
			name = Weibo;
			sourceTree = "<group>";
		};
		E9F2A4F118EC1C9A0084FCE6 /* Pi-LOT Tests */ = {
			isa = PBXGroup;
			children = (
				E9F2A4F718EC1C9A0084FCE6 /* Pi_LOT_Tests.m */,
				E9F2A4F218EC1C9A0084FCE6 /* Supporting Files */,
			);
			path = "Pi-LOT Tests";
			sourceTree = "<group>";
		};
		E9F2A4F218EC1C9A0084FCE6 /* Supporting Files */ = {
			isa = PBXGroup;
			children = (
				E9F2A4F318EC1C9A0084FCE6 /* Pi-LOT Tests-Info.plist */,
				E9F2A4F418EC1C9A0084FCE6 /* InfoPlist.strings */,
				E9F2A4F918EC1C9A0084FCE6 /* Pi-LOT Tests-Prefix.pch */,
			);
			name = "Supporting Files";
			sourceTree = "<group>";
		};
		E9F2A55518EE96460084FCE6 /* Model */ = {
			isa = PBXGroup;
			children = (
				E9F2A55618EEA3A00084FCE6 /* WeiboModels.h */,
				E9F2A4D418EBFB7C0084FCE6 /* PiWeiboUser.h */,
				E9F2A4D518EBFB7C0084FCE6 /* PiWeiboUser.m */,
				E9F2A50318ED89E40084FCE6 /* PiTweet.h */,
				E9F2A50418ED89E40084FCE6 /* PiTweet.m */,
				E9F4ABB018F3E52D0021DDD8 /* PiComment.h */,
				E9F4ABB118F3E52D0021DDD8 /* PiComment.m */,
				E9F4ABB618F42C660021DDD8 /* PiMessage.h */,
				E9F4ABB718F42C660021DDD8 /* PiMessage.m */,
			);
			name = Model;
			sourceTree = "<group>";
		};
/* End PBXGroup section */

/* Begin PBXNativeTarget section */
		E9F2A49118EBF21C0084FCE6 /* Pi-LOT */ = {
			isa = PBXNativeTarget;
			buildConfigurationList = E9F2A4C718EBF21C0084FCE6 /* Build configuration list for PBXNativeTarget "Pi-LOT" */;
			buildPhases = (
				E9F2A48E18EBF21C0084FCE6 /* Sources */,
				E9F2A48F18EBF21C0084FCE6 /* Frameworks */,
				E9F2A49018EBF21C0084FCE6 /* Resources */,
			);
			buildRules = (
			);
			dependencies = (
			);
			name = "Pi-LOT";
			productName = "Pi-LOT";
			productReference = E9F2A49218EBF21C0084FCE6 /* Pi-LOT.app */;
			productType = "com.apple.product-type.application";
		};
		E9F2A4EC18EC1C9A0084FCE6 /* Pi-LOT Tests */ = {
			isa = PBXNativeTarget;
			buildConfigurationList = E9F2A4FC18EC1C9A0084FCE6 /* Build configuration list for PBXNativeTarget "Pi-LOT Tests" */;
			buildPhases = (
				E9F2A4E918EC1C9A0084FCE6 /* Sources */,
				E9F2A4EA18EC1C9A0084FCE6 /* Frameworks */,
				E9F2A4EB18EC1C9A0084FCE6 /* Resources */,
			);
			buildRules = (
			);
			dependencies = (
				E9F2A4FB18EC1C9A0084FCE6 /* PBXTargetDependency */,
			);
			name = "Pi-LOT Tests";
			productName = "Pi-LOT Tests";
			productReference = E9F2A4ED18EC1C9A0084FCE6 /* Pi-LOT Tests.xctest */;
			productType = "com.apple.product-type.bundle.unit-test";
		};
/* End PBXNativeTarget section */

/* Begin PBXProject section */
		E9F2A48A18EBF21C0084FCE6 /* Project object */ = {
			isa = PBXProject;
			attributes = {
				CLASSPREFIX = Pi;
				LastUpgradeCheck = 0510;
				ORGANIZATIONNAME = pagict;
				TargetAttributes = {
					E9F2A4EC18EC1C9A0084FCE6 = {
						TestTargetID = E9F2A49118EBF21C0084FCE6;
					};
				};
			};
			buildConfigurationList = E9F2A48D18EBF21C0084FCE6 /* Build configuration list for PBXProject "Pi-LOT" */;
			compatibilityVersion = "Xcode 3.2";
			developmentRegion = English;
			hasScannedForEncodings = 0;
			knownRegions = (
				en,
				Base,
			);
			mainGroup = E9F2A48918EBF21C0084FCE6;
			productRefGroup = E9F2A49318EBF21C0084FCE6 /* Products */;
			projectDirPath = "";
			projectRoot = "";
			targets = (
				E9F2A49118EBF21C0084FCE6 /* Pi-LOT */,
				E9F2A4EC18EC1C9A0084FCE6 /* Pi-LOT Tests */,
			);
		};
/* End PBXProject section */

/* Begin PBXResourcesBuildPhase section */
		E9F2A49018EBF21C0084FCE6 /* Resources */ = {
			isa = PBXResourcesBuildPhase;
			buildActionMask = 2147483647;
			files = (
				E9F4ABA118F2DEF20021DDD8 /* messageLogo.png in Resources */,
				E951139D18F07F6200187EC0 /* weiboLogo@2x.png in Resources */,
				E9F2A4B118EBF21C0084FCE6 /* Images.xcassets in Resources */,
				E951139B18F07F5C00187EC0 /* weiboLogo.png in Resources */,
				E9F2A4A018EBF21C0084FCE6 /* InfoPlist.strings in Resources */,
				E9F2A4A918EBF21C0084FCE6 /* Main.storyboard in Resources */,
				E9F4AB9F18F2DEED0021DDD8 /* messageLogo@2x.png in Resources */,
			);
			runOnlyForDeploymentPostprocessing = 0;
		};
		E9F2A4EB18EC1C9A0084FCE6 /* Resources */ = {
			isa = PBXResourcesBuildPhase;
			buildActionMask = 2147483647;
			files = (
				E9F2A4F618EC1C9A0084FCE6 /* InfoPlist.strings in Resources */,
			);
			runOnlyForDeploymentPostprocessing = 0;
		};
/* End PBXResourcesBuildPhase section */

/* Begin PBXSourcesBuildPhase section */
		E9F2A48E18EBF21C0084FCE6 /* Sources */ = {
			isa = PBXSourcesBuildPhase;
			buildActionMask = 2147483647;
			files = (
				E9F4ABB818F42C660021DDD8 /* PiMessage.m in Sources */,
				E9F2A4CF18EBF8240084FCE6 /* PiSignInViewController.m in Sources */,
				E9F2A51018ED92550084FCE6 /* PiTimeLineViewController.m in Sources */,
				E9F2A4A218EBF21C0084FCE6 /* main.m in Sources */,
				E9498E4C18F15952006A1AD1 /* PiPostTweetViewController.m in Sources */,
				E9F2A4D218EBFB3C0084FCE6 /* PiWeibo.m in Sources */,
				E9F4ABA418F2E06B0021DDD8 /* PiMessagesViewController.m in Sources */,
				E9F4ABB218F3E52D0021DDD8 /* PiComment.m in Sources */,
				E9F4ABB518F425F20021DDD8 /* NSString+Weibo.m in Sources */,
				E98000A118FE1CC100EF9F55 /* PiTimeLineTableViewCell.m in Sources */,
				E9F4ABBC18F42CB90021DDD8 /* PiCommentTableViewCell.m in Sources */,
				E9F2A4DB18EC18630084FCE6 /* PiConnector.m in Sources */,
				E9F2A4D618EBFB7C0084FCE6 /* PiWeiboUser.m in Sources */,
				E9F2A50518ED89E40084FCE6 /* PiTweet.m in Sources */,
				E9F2A4A618EBF21C0084FCE6 /* PiAppDelegate.m in Sources */,
			);
			runOnlyForDeploymentPostprocessing = 0;
		};
		E9F2A4E918EC1C9A0084FCE6 /* Sources */ = {
			isa = PBXSourcesBuildPhase;
			buildActionMask = 2147483647;
			files = (
				E9F2A4F818EC1C9A0084FCE6 /* Pi_LOT_Tests.m in Sources */,
			);
			runOnlyForDeploymentPostprocessing = 0;
		};
/* End PBXSourcesBuildPhase section */

/* Begin PBXTargetDependency section */
		E9F2A4FB18EC1C9A0084FCE6 /* PBXTargetDependency */ = {
			isa = PBXTargetDependency;
			target = E9F2A49118EBF21C0084FCE6 /* Pi-LOT */;
			targetProxy = E9F2A4FA18EC1C9A0084FCE6 /* PBXContainerItemProxy */;
		};
/* End PBXTargetDependency section */

/* Begin PBXVariantGroup section */
		E9F2A49E18EBF21C0084FCE6 /* InfoPlist.strings */ = {
			isa = PBXVariantGroup;
			children = (
				E9F2A49F18EBF21C0084FCE6 /* en */,
			);
			name = InfoPlist.strings;
			sourceTree = "<group>";
		};
		E9F2A4A718EBF21C0084FCE6 /* Main.storyboard */ = {
			isa = PBXVariantGroup;
			children = (
				E9F2A4A818EBF21C0084FCE6 /* Base */,
			);
			name = Main.storyboard;
			sourceTree = "<group>";
		};
		E9F2A4F418EC1C9A0084FCE6 /* InfoPlist.strings */ = {
			isa = PBXVariantGroup;
			children = (
				E9F2A4F518EC1C9A0084FCE6 /* en */,
			);
			name = InfoPlist.strings;
			sourceTree = "<group>";
		};
/* End PBXVariantGroup section */

/* Begin XCBuildConfiguration section */
		E9F2A4C518EBF21C0084FCE6 /* Debug */ = {
			isa = XCBuildConfiguration;
			buildSettings = {
				ALWAYS_SEARCH_USER_PATHS = NO;
				CLANG_CXX_LANGUAGE_STANDARD = "gnu++0x";
				CLANG_CXX_LIBRARY = "libc++";
				CLANG_ENABLE_MODULES = YES;
				CLANG_ENABLE_OBJC_ARC = YES;
				CLANG_WARN_BOOL_CONVERSION = YES;
				CLANG_WARN_CONSTANT_CONVERSION = YES;
				CLANG_WARN_DIRECT_OBJC_ISA_USAGE = YES_ERROR;
				CLANG_WARN_EMPTY_BODY = YES;
				CLANG_WARN_ENUM_CONVERSION = YES;
				CLANG_WARN_INT_CONVERSION = YES;
				CLANG_WARN_OBJC_ROOT_CLASS = YES_ERROR;
				CLANG_WARN__DUPLICATE_METHOD_MATCH = YES;
				"CODE_SIGN_IDENTITY[sdk=iphoneos*]" = "iPhone Developer";
				COPY_PHASE_STRIP = NO;
				GCC_C_LANGUAGE_STANDARD = gnu99;
				GCC_DYNAMIC_NO_PIC = NO;
				GCC_OPTIMIZATION_LEVEL = 0;
				GCC_PREPROCESSOR_DEFINITIONS = (
					"DEBUG=1",
					"$(inherited)",
				);
				GCC_SYMBOLS_PRIVATE_EXTERN = NO;
				GCC_WARN_64_TO_32_BIT_CONVERSION = YES;
				GCC_WARN_ABOUT_RETURN_TYPE = YES_ERROR;
				GCC_WARN_UNDECLARED_SELECTOR = YES;
				GCC_WARN_UNINITIALIZED_AUTOS = YES_AGGRESSIVE;
				GCC_WARN_UNUSED_FUNCTION = YES;
				GCC_WARN_UNUSED_VARIABLE = YES;
				IPHONEOS_DEPLOYMENT_TARGET = 7.1;
				ONLY_ACTIVE_ARCH = YES;
				SDKROOT = iphoneos;
			};
			name = Debug;
		};
		E9F2A4C618EBF21C0084FCE6 /* Release */ = {
			isa = XCBuildConfiguration;
			buildSettings = {
				ALWAYS_SEARCH_USER_PATHS = NO;
				CLANG_CXX_LANGUAGE_STANDARD = "gnu++0x";
				CLANG_CXX_LIBRARY = "libc++";
				CLANG_ENABLE_MODULES = YES;
				CLANG_ENABLE_OBJC_ARC = YES;
				CLANG_WARN_BOOL_CONVERSION = YES;
				CLANG_WARN_CONSTANT_CONVERSION = YES;
				CLANG_WARN_DIRECT_OBJC_ISA_USAGE = YES_ERROR;
				CLANG_WARN_EMPTY_BODY = YES;
				CLANG_WARN_ENUM_CONVERSION = YES;
				CLANG_WARN_INT_CONVERSION = YES;
				CLANG_WARN_OBJC_ROOT_CLASS = YES_ERROR;
				CLANG_WARN__DUPLICATE_METHOD_MATCH = YES;
				"CODE_SIGN_IDENTITY[sdk=iphoneos*]" = "iPhone Developer";
				COPY_PHASE_STRIP = YES;
				ENABLE_NS_ASSERTIONS = NO;
				GCC_C_LANGUAGE_STANDARD = gnu99;
				GCC_WARN_64_TO_32_BIT_CONVERSION = YES;
				GCC_WARN_ABOUT_RETURN_TYPE = YES_ERROR;
				GCC_WARN_UNDECLARED_SELECTOR = YES;
				GCC_WARN_UNINITIALIZED_AUTOS = YES_AGGRESSIVE;
				GCC_WARN_UNUSED_FUNCTION = YES;
				GCC_WARN_UNUSED_VARIABLE = YES;
				IPHONEOS_DEPLOYMENT_TARGET = 7.1;
				SDKROOT = iphoneos;
				VALIDATE_PRODUCT = YES;
			};
			name = Release;
		};
		E9F2A4C818EBF21C0084FCE6 /* Debug */ = {
			isa = XCBuildConfiguration;
			buildSettings = {
				ASSETCATALOG_COMPILER_APPICON_NAME = AppIcon;
				ASSETCATALOG_COMPILER_LAUNCHIMAGE_NAME = LaunchImage;
				GCC_PRECOMPILE_PREFIX_HEADER = YES;
				GCC_PREFIX_HEADER = "Pi-LOT/Pi-LOT-Prefix.pch";
				INFOPLIST_FILE = "Pi-LOT/Pi-LOT-Info.plist";
				PRODUCT_NAME = "$(TARGET_NAME)";
				WRAPPER_EXTENSION = app;
			};
			name = Debug;
		};
		E9F2A4C918EBF21C0084FCE6 /* Release */ = {
			isa = XCBuildConfiguration;
			buildSettings = {
				ASSETCATALOG_COMPILER_APPICON_NAME = AppIcon;
				ASSETCATALOG_COMPILER_LAUNCHIMAGE_NAME = LaunchImage;
				GCC_PRECOMPILE_PREFIX_HEADER = YES;
				GCC_PREFIX_HEADER = "Pi-LOT/Pi-LOT-Prefix.pch";
				INFOPLIST_FILE = "Pi-LOT/Pi-LOT-Info.plist";
				PRODUCT_NAME = "$(TARGET_NAME)";
				WRAPPER_EXTENSION = app;
			};
			name = Release;
		};
		E9F2A4FD18EC1C9A0084FCE6 /* Debug */ = {
			isa = XCBuildConfiguration;
			buildSettings = {
				BUNDLE_LOADER = "$(BUILT_PRODUCTS_DIR)/Pi-LOT.app/Pi-LOT";
				FRAMEWORK_SEARCH_PATHS = (
					"$(SDKROOT)/Developer/Library/Frameworks",
					"$(inherited)",
					"$(DEVELOPER_FRAMEWORKS_DIR)",
				);
				GCC_PRECOMPILE_PREFIX_HEADER = YES;
				GCC_PREFIX_HEADER = "Pi-LOT Tests/Pi-LOT Tests-Prefix.pch";
				GCC_PREPROCESSOR_DEFINITIONS = (
					"DEBUG=1",
					"$(inherited)",
				);
				INFOPLIST_FILE = "Pi-LOT Tests/Pi-LOT Tests-Info.plist";
				PRODUCT_NAME = "$(TARGET_NAME)";
				TEST_HOST = "$(BUNDLE_LOADER)";
				WRAPPER_EXTENSION = xctest;
			};
			name = Debug;
		};
		E9F2A4FE18EC1C9A0084FCE6 /* Release */ = {
			isa = XCBuildConfiguration;
			buildSettings = {
				BUNDLE_LOADER = "$(BUILT_PRODUCTS_DIR)/Pi-LOT.app/Pi-LOT";
				FRAMEWORK_SEARCH_PATHS = (
					"$(SDKROOT)/Developer/Library/Frameworks",
					"$(inherited)",
					"$(DEVELOPER_FRAMEWORKS_DIR)",
				);
				GCC_PRECOMPILE_PREFIX_HEADER = YES;
				GCC_PREFIX_HEADER = "Pi-LOT Tests/Pi-LOT Tests-Prefix.pch";
				INFOPLIST_FILE = "Pi-LOT Tests/Pi-LOT Tests-Info.plist";
				PRODUCT_NAME = "$(TARGET_NAME)";
				TEST_HOST = "$(BUNDLE_LOADER)";
				WRAPPER_EXTENSION = xctest;
			};
			name = Release;
		};
/* End XCBuildConfiguration section */

/* Begin XCConfigurationList section */
		E9F2A48D18EBF21C0084FCE6 /* Build configuration list for PBXProject "Pi-LOT" */ = {
			isa = XCConfigurationList;
			buildConfigurations = (
				E9F2A4C518EBF21C0084FCE6 /* Debug */,
				E9F2A4C618EBF21C0084FCE6 /* Release */,
			);
			defaultConfigurationIsVisible = 0;
			defaultConfigurationName = Release;
		};
		E9F2A4C718EBF21C0084FCE6 /* Build configuration list for PBXNativeTarget "Pi-LOT" */ = {
			isa = XCConfigurationList;
			buildConfigurations = (
				E9F2A4C818EBF21C0084FCE6 /* Debug */,
				E9F2A4C918EBF21C0084FCE6 /* Release */,
			);
			defaultConfigurationIsVisible = 0;
			defaultConfigurationName = Release;
		};
		E9F2A4FC18EC1C9A0084FCE6 /* Build configuration list for PBXNativeTarget "Pi-LOT Tests" */ = {
			isa = XCConfigurationList;
			buildConfigurations = (
				E9F2A4FD18EC1C9A0084FCE6 /* Debug */,
				E9F2A4FE18EC1C9A0084FCE6 /* Release */,
			);
			defaultConfigurationIsVisible = 0;
			defaultConfigurationName = Release;
		};
/* End XCConfigurationList section */
	};
	rootObject = E9F2A48A18EBF21C0084FCE6 /* Project object */;
}
